<?xml version="1.0" encoding="utf-8"?>
<Project ToolsVersion="4.0" xmlns="http://schemas.microsoft.com/developer/msbuild/2003">
  <ItemGroup>
    <ClCompile Include="src\Camera.cpp" />
    <ClCompile Include="src\DirectXManager.cpp" />
    <ClCompile Include="src\GameEngine.cpp" />
    <ClCompile Include="src\GraphicsDevice.cpp" />
    <ClCompile Include="src\Material.cpp" />
    <ClCompile Include="src\Mesh.cpp" />
    <ClCompile Include="src\Model.cpp" />
    <ClCompile Include="src\pch.cpp" />
    <ClCompile Include="src\RenderState.cpp" />
    <ClCompile Include="src\ShaderProgram.cpp" />
    <ClCompile Include="src\Win32Application.cpp" />
    <ClCompile Include="include\lodepng.cpp" />
    <ClCompile Include="src\ShaderManager.cpp" />
    <ClCompile Include="src\Scene.cpp" />
  </ItemGroup>
  <ItemGroup>
    <ClInclude Include="src\Camera.h" />
    <ClInclude Include="src\DirectXManager.h" />
    <ClInclude Include="src\GameEngine.h" />
    <ClInclude Include="src\GraphicsDevice.h" />
    <ClInclude Include="src\Material.h" />
    <ClInclude Include="src\Mesh.h" />
    <ClInclude Include="src\Model.h" />
    <ClInclude Include="src\pch.h" />
    <ClInclude Include="src\RenderState.h" />
    <ClInclude Include="src\ShaderProgram.h" />
    <ClInclude Include="src\Win32Application.h" />
    <ClInclude Include="res\Resource.h" />
    <ClInclude Include="include\lodepng.h" />
    <ClInclude Include="src\ShaderManager.h" />
    <ClInclude Include="src\Scene.h" />
    <ClInclude Include="include\cgltf.h" />
    <ClInclude Include="include\cgltf_write.h" />
  </ItemGroup>
  <ItemGroup>
    <Image Include="res\GameEngine.ico" />
  </ItemGroup>
  <ItemGroup>
    <ResourceCompile Include="res\GameEngine.rc" />
  </ItemGroup>
  <ItemGroup>
    <None Include="assets\meshes\cube.glb" />
    <None Include="assets\meshes\cubePretty.glb" />
    <None Include="assets\meshes\cylinder.glb" />
    <None Include="assets\meshes\cylinderPretty.glb" />
    <None Include="assets\meshes\plane.glb" />
    <None Include="assets\meshes\planeWrinkly.glb" />
    <None Include="assets\meshes\sphere.glb" />
    <None Include="assets\shaders\BasicPS.hlsl" />
    <None Include="assets\shaders\BasicTexturePS.hlsl" />
    <None Include="assets\shaders\BasicVS.hlsl" />
    <None Include="assets\shaders\testPS.hlsl" />
    <None Include="assets\shaders\TransparentPS.hlsl" />
    <None Include="assets\shaders\WaveyVS.hlsl" />
    <None Include="assets\shaders\ShaderCommon.hlsli" />
    <None Include="assets\shaders\BasicTextureVS.hlsl" />
  </ItemGroup>
  <ItemGroup>
    <FxCompile Include="assets\shaders\ErrorPS.hlsl" />
    <FxCompile Include="assets\shaders\ErrorVS.hlsl" />
  </ItemGroup>
</Project>